
Microsoft Visual Studio Solution File, Format Version 12.00
# Visual Studio Version 16
VisualStudioVersion = 16.0.30413.136
MinimumVisualStudioVersion = 10.0.40219.1
Project("{FAE04EC0-301F-11D3-BF4B-00C04F79EFBC}") = "SocketChat", "SocketChat\SocketChat.csproj", "{203E7BC4-A9EA-436E-8BDC-374E88E0B34E}"
EndProject
Global
	GlobalSection(SolutionConfigurationPlatforms) = preSolution
		Debug|Any CPU = Debug|Any CPU
		Release|Any CPU = Release|Any CPU
	EndGlobalSection
	GlobalSection(ProjectConfigurationPlatforms) = postSolution
		{203E7BC4-A9EA-436E-8BDC-374E88E0B34E}.Debug|Any CPU.ActiveCfg = Debug|Any CPU
		{203E7BC4-A9EA-436E-8BDC-374E88E0B34E}.Debug|Any CPU.Build.0 = Debug|Any CPU
		{203E7BC4-A9EA-436E-8BDC-374E88E0B34E}.Release|Any CPU.ActiveCfg = Release|Any CPU
		{203E7BC4-A9EA-436E-8BDC-374E88E0B34E}.Release|Any CPU.Build.0 = Release|Any CPU
	EndGlobalSection
	GlobalSection(SolutionProperties) = preSolution
		HideSolutionNode = FALSE
	EndGlobalSection
	GlobalSection(ExtensibilityGlobals) = postSolution
		SolutionGuid = {99D00805-6567-4499-A019-BF45381D3095}
	EndGlobalSection
EndGlobal
